{
  "nodes": {
    "root": {
      "inputs": {
        "skills": "skills"
      }
    },
    "skills": {
      "locked": {
        "lastModified": 1773527053,
        "narHash": "sha256-miI9LxY/yMka249ARA4dKOK18hmkqqjbKiW2HRSjI5U=",
        "owner": "juspay",
        "repo": "skills",
        "rev": "ae719f61b984cfb573a751cc73b2dc7599e510cc",
        "type": "github"
      },
      "original": {
        "owner": "juspay",
        "repo": "skills",
        "type": "github"
      }
    }
  },
  "root": "root",
  "version": 7
}
